// !$*UTF8*$!
{
	archiveVersion = 1;
	classes = {
	};
	objectVersion = 56;
	objects = {

/* Begin PBXBuildFile section */
		F00FD50B29C326E6007D4DAC /* AppDelegate.swift in Sources */ = {isa = PBXBuildFile; fileRef = F00FD50A29C326E6007D4DAC /* AppDelegate.swift */; };
		F00FD50D29C326E6007D4DAC /* SceneDelegate.swift in Sources */ = {isa = PBXBuildFile; fileRef = F00FD50C29C326E6007D4DAC /* SceneDelegate.swift */; };
		F00FD50F29C326E6007D4DAC /* ViewController.swift in Sources */ = {isa = PBXBuildFile; fileRef = F00FD50E29C326E6007D4DAC /* ViewController.swift */; };
		F00FD51229C326E6007D4DAC /* Main.storyboard in Resources */ = {isa = PBXBuildFile; fileRef = F00FD51029C326E6007D4DAC /* Main.storyboard */; };
		F00FD51529C326E6007D4DAC /* Bot365.xcdatamodeld in Sources */ = {isa = PBXBuildFile; fileRef = F00FD51329C326E6007D4DAC /* Bot365.xcdatamodeld */; };
		F00FD51729C326E8007D4DAC /* Assets.xcassets in Resources */ = {isa = PBXBuildFile; fileRef = F00FD51629C326E8007D4DAC /* Assets.xcassets */; };
		F00FD51A29C326E8007D4DAC /* LaunchScreen.storyboard in Resources */ = {isa = PBXBuildFile; fileRef = F00FD51829C326E8007D4DAC /* LaunchScreen.storyboard */; };
/* End PBXBuildFile section */

/* Begin PBXFileReference section */
		F00FD50729C326E6007D4DAC /* Bot365.app */ = {isa = PBXFileReference; explicitFileType = wrapper.application; includeInIndex = 0; path = Bot365.app; sourceTree = BUILT_PRODUCTS_DIR; };
		F00FD50A29C326E6007D4DAC /* AppDelegate.swift */ = {isa = PBXFileReference; lastKnownFileType = sourcecode.swift; path = AppDelegate.swift; sourceTree = "<group>"; };
		F00FD50C29C326E6007D4DAC /* SceneDelegate.swift */ = {isa = PBXFileReference; lastKnownFileType = sourcecode.swift; path = SceneDelegate.swift; sourceTree = "<group>"; };
		F00FD50E29C326E6007D4DAC /* ViewController.swift */ = {isa = PBXFileReference; lastKnownFileType = sourcecode.swift; path = ViewController.swift; sourceTree = "<group>"; };
		F00FD51129C326E6007D4DAC /* Base */ = {isa = PBXFileReference; lastKnownFileType = file.storyboard; name = Base; path = Base.lproj/Main.storyboard; sourceTree = "<group>"; };
		F00FD51429C326E6007D4DAC /* Bot365.xcdatamodel */ = {isa = PBXFileReference; lastKnownFileType = wrapper.xcdatamodel; path = Bot365.xcdatamodel; sourceTree = "<group>"; };
		F00FD51629C326E8007D4DAC /* Assets.xcassets */ = {isa = PBXFileReference; lastKnownFileType = folder.assetcatalog; path = Assets.xcassets; sourceTree = "<group>"; };
		F00FD51929C326E8007D4DAC /* Base */ = {isa = PBXFileReference; lastKnownFileType = file.storyboard; name = Base; path = Base.lproj/LaunchScreen.storyboard; sourceTree = "<group>"; };
		F00FD51B29C326E8007D4DAC /* Info.plist */ = {isa = PBXFileReference; lastKnownFileType = text.plist.xml; path = Info.plist; sourceTree = "<group>"; };
/* End PBXFileReference section */

/* Begin PBXFrameworksBuildPhase section */
		F00FD50429C326E6007D4DAC /* Frameworks */ = {
			isa = PBXFrameworksBuildPhase;
			buildActionMask = 2147483647;
			files = (
			);
			runOnlyForDeploymentPostprocessing = 0;
		};
/* End PBXFrameworksBuildPhase section */

/* Begin PBXGroup section */
		F00FD4FE29C326E6007D4DAC = {
			isa = PBXGroup;
			children = (
				F00FD50929C326E6007D4DAC /* Bot365 */,
				F00FD50829C326E6007D4DAC /* Products */,
			);
			sourceTree = "<group>";
		};
		F00FD50829C326E6007D4DAC /* Products */ = {
			isa = PBXGroup;
			children = (
				F00FD50729C326E6007D4DAC /* Bot365.app */,
			);
			name = Products;
			sourceTree = "<group>";
		};
		F00FD50929C326E6007D4DAC /* Bot365 */ = {
			isa = PBXGroup;
			children = (
				F00FD50A29C326E6007D4DAC /* AppDelegate.swift */,
				F00FD50C29C326E6007D4DAC /* SceneDelegate.swift */,
				F00FD50E29C326E6007D4DAC /* ViewController.swift */,
				F00FD51029C326E6007D4DAC /* Main.storyboard */,
				F00FD51629C326E8007D4DAC /* Assets.xcassets */,
				F00FD51829C326E8007D4DAC /* LaunchScreen.storyboard */,
				F00FD51B29C326E8007D4DAC /* Info.plist */,
				F00FD51329C326E6007D4DAC /* Bot365.xcdatamodeld */,
			);
			path = Bot365;
			sourceTree = "<group>";
		};
/* End PBXGroup section */

/* Begin PBXNativeTarget section */
		F00FD50629C326E6007D4DAC /* Bot365 */ = {
			isa = PBXNativeTarget;
			buildConfigurationList = F00FD51E29C326E8007D4DAC /* Build configuration list for PBXNativeTarget "Bot365" */;
			buildPhases = (
				F00FD50329C326E6007D4DAC /* Sources */,
				F00FD50429C326E6007D4DAC /* Frameworks */,
				F00FD50529C326E6007D4DAC /* Resources */,
			);
			buildRules = (
			);
			dependencies = (
			);
			name = Bot365;
			productName = Bot365;
			productReference = F00FD50729C326E6007D4DAC /* Bot365.app */;
			productType = "com.apple.product-type.application";
		};
/* End PBXNativeTarget section */

/* Begin PBXProject section */
		F00FD4FF29C326E6007D4DAC /* Project object */ = {
			isa = PBXProject;
			attributes = {
				BuildIndependentTargetsInParallel = 1;
				LastSwiftUpdateCheck = 1420;
				LastUpgradeCheck = 1420;
				TargetAttributes = {
					F00FD50629C326E6007D4DAC = {
						CreatedOnToolsVersion = 14.2;
					};
				};
			};
			buildConfigurationList = F00FD50229C326E6007D4DAC /* Build configuration list for PBXProject "Bot365" */;
			compatibilityVersion = "Xcode 14.0";
			developmentRegion = en;
			hasScannedForEncodings = 0;
			knownRegions = (
				en,
				Base,
			);
			mainGroup = F00FD4FE29C326E6007D4DAC;
			productRefGroup = F00FD50829C326E6007D4DAC /* Products */;
			projectDirPath = "";
			projectRoot = "";
			targets = (
				F00FD50629C326E6007D4DAC /* Bot365 */,
			);
		};
/* End PBXProject section */

/* Begin PBXResourcesBuildPhase section */
		F00FD50529C326E6007D4DAC /* Resources */ = {
			isa = PBXResourcesBuildPhase;
			buildActionMask = 2147483647;
			files = (
				F00FD51A29C326E8007D4DAC /* LaunchScreen.storyboard in Resources */,
				F00FD51729C326E8007D4DAC /* Assets.xcassets in Resources */,
				F00FD51229C326E6007D4DAC /* Main.storyboard in Resources */,
			);
			runOnlyForDeploymentPostprocessing = 0;
		};
/* End PBXResourcesBuildPhase section */

/* Begin PBXSourcesBuildPhase section */
		F00FD50329C326E6007D4DAC /* Sources */ = {
			isa = PBXSourcesBuildPhase;
			buildActionMask = 2147483647;
			files = (
				F00FD50F29C326E6007D4DAC /* ViewController.swift in Sources */,
				F00FD50B29C326E6007D4DAC /* AppDelegate.swift in Sources */,
				F00FD51529C326E6007D4DAC /* Bot365.xcdatamodeld in Sources */,
				F00FD50D29C326E6007D4DAC /* SceneDelegate.swift in Sources */,
			);
			runOnlyForDeploymentPostprocessing = 0;
		};
/* End PBXSourcesBuildPhase section */

/* Begin PBXVariantGroup section */
		F00FD51029C326E6007D4DAC /* Main.storyboard */ = {
			isa = PBXVariantGroup;
			children = (
				F00FD51129C326E6007D4DAC /* Base */,
			);
			name = Main.storyboard;
			sourceTree = "<group>";
		};
		F00FD51829C326E8007D4DAC /* LaunchScreen.storyboard */ = {
			isa = PBXVariantGroup;
			children = (
				F00FD51929C326E8007D4DAC /* Base */,
			);
			name = LaunchScreen.storyboard;
			sourceTree = "<group>";
		};
/* End PBXVariantGroup section */

/* Begin XCBuildConfiguration section */
		F00FD51C29C326E8007D4DAC /* Debug */ = {
			isa = XCBuildConfiguration;
			buildSettings = {
				ALWAYS_SEARCH_USER_PATHS = NO;
				CLANG_ANALYZER_NONNULL = YES;
				CLANG_ANALYZER_NUMBER_OBJECT_CONVERSION = YES_AGGRESSIVE;
				CLANG_CXX_LANGUAGE_STANDARD = "gnu++20";
				CLANG_ENABLE_MODULES = YES;
				CLANG_ENABLE_OBJC_ARC = YES;
				CLANG_ENABLE_OBJC_WEAK = YES;
				CLANG_WARN_BLOCK_CAPTURE_AUTORELEASING = YES;
				CLANG_WARN_BOOL_CONVERSION = YES;
				CLANG_WARN_COMMA = YES;
				CLANG_WARN_CONSTANT_CONVERSION = YES;
				CLANG_WARN_DEPRECATED_OBJC_IMPLEMENTATIONS = YES;
				CLANG_WARN_DIRECT_OBJC_ISA_USAGE = YES_ERROR;
				CLANG_WARN_DOCUMENTATION_COMMENTS = YES;
				CLANG_WARN_EMPTY_BODY = YES;
				CLANG_WARN_ENUM_CONVERSION = YES;
				CLANG_WARN_INFINITE_RECURSION = YES;
				CLANG_WARN_INT_CONVERSION = YES;
				CLANG_WARN_NON_LITERAL_NULL_CONVERSION = YES;
				CLANG_WARN_OBJC_IMPLICIT_RETAIN_SELF = YES;
				CLANG_WARN_OBJC_LITERAL_CONVERSION = YES;
				CLANG_WARN_OBJC_ROOT_CLASS = YES_ERROR;
				CLANG_WARN_QUOTED_INCLUDE_IN_FRAMEWORK_HEADER = YES;
				CLANG_WARN_RANGE_LOOP_ANALYSIS = YES;
				CLANG_WARN_STRICT_PROTOTYPES = YES;
				CLANG_WARN_SUSPICIOUS_MOVE = YES;
				CLANG_WARN_UNGUARDED_AVAILABILITY = YES_AGGRESSIVE;
				CLANG_WARN_UNREACHABLE_CODE = YES;
				CLANG_WARN__DUPLICATE_METHOD_MATCH = YES;
				COPY_PHASE_STRIP = NO;
				DEBUG_INFORMATION_FORMAT = dwarf;
				ENABLE_STRICT_OBJC_MSGSEND = YES;
				ENABLE_TESTABILITY = YES;
				GCC_C_LANGUAGE_STANDARD = gnu11;
				GCC_DYNAMIC_NO_PIC = NO;
				GCC_NO_COMMON_BLOCKS = YES;
				GCC_OPTIMIZATION_LEVEL = 0;
				GCC_PREPROCESSOR_DEFINITIONS = (
					"DEBUG=1",
					"$(inherited)",
				);
				GCC_WARN_64_TO_32_BIT_CONVERSION = YES;
				GCC_WARN_ABOUT_RETURN_TYPE = YES_ERROR;
				GCC_WARN_UNDECLARED_SELECTOR = YES;
				GCC_WARN_UNINITIALIZED_AUTOS = YES_AGGRESSIVE;
				GCC_WARN_UNUSED_FUNCTION = YES;
				GCC_WARN_UNUSED_VARIABLE = YES;
				IPHONEOS_DEPLOYMENT_TARGET = 16.2;
				MTL_ENABLE_DEBUG_INFO = INCLUDE_SOURCE;
				MTL_FAST_MATH = YES;
				ONLY_ACTIVE_ARCH = YES;
				SDKROOT = iphoneos;
				SWIFT_ACTIVE_COMPILATION_CONDITIONS = DEBUG;
				SWIFT_OPTIMIZATION_LEVEL = "-Onone";
			};
			name = Debug;
		};
		F00FD51D29C326E8007D4DAC /* Release */ = {
			isa = XCBuildConfiguration;
			buildSettings = {
				ALWAYS_SEARCH_USER_PATHS = NO;
				CLANG_ANALYZER_NONNULL = YES;
				CLANG_ANALYZER_NUMBER_OBJECT_CONVERSION = YES_AGGRESSIVE;
				CLANG_CXX_LANGUAGE_STANDARD = "gnu++20";
				CLANG_ENABLE_MODULES = YES;
				CLANG_ENABLE_OBJC_ARC = YES;
				CLANG_ENABLE_OBJC_WEAK = YES;
				CLANG_WARN_BLOCK_CAPTURE_AUTORELEASING = YES;
				CLANG_WARN_BOOL_CONVERSION = YES;
				CLANG_WARN_COMMA = YES;
				CLANG_WARN_CONSTANT_CONVERSION = YES;
				CLANG_WARN_DEPRECATED_OBJC_IMPLEMENTATIONS = YES;
				CLANG_WARN_DIRECT_OBJC_ISA_USAGE = YES_ERROR;
				CLANG_WARN_DOCUMENTATION_COMMENTS = YES;
				CLANG_WARN_EMPTY_BODY = YES;
				CLANG_WARN_ENUM_CONVERSION = YES;
				CLANG_WARN_INFINITE_RECURSION = YES;
				CLANG_WARN_INT_CONVERSION = YES;
				CLANG_WARN_NON_LITERAL_NULL_CONVERSION = YES;
				CLANG_WARN_OBJC_IMPLICIT_RETAIN_SELF = YES;
				CLANG_WARN_OBJC_LITERAL_CONVERSION = YES;
				CLANG_WARN_OBJC_ROOT_CLASS = YES_ERROR;
				CLANG_WARN_QUOTED_INCLUDE_IN_FRAMEWORK_HEADER = YES;
				CLANG_WARN_RANGE_LOOP_ANALYSIS = YES;
				CLANG_WARN_STRICT_PROTOTYPES = YES;
				CLANG_WARN_SUSPICIOUS_MOVE = YES;
				CLANG_WARN_UNGUARDED_AVAILABILITY = YES_AGGRESSIVE;
				CLANG_WARN_UNREACHABLE_CODE = YES;
				CLANG_WARN__DUPLICATE_METHOD_MATCH = YES;
				COPY_PHASE_STRIP = NO;
				DEBUG_INFORMATION_FORMAT = "dwarf-with-dsym";
				ENABLE_NS_ASSERTIONS = NO;
				ENABLE_STRICT_OBJC_MSGSEND = YES;
				GCC_C_LANGUAGE_STANDARD = gnu11;
				GCC_NO_COMMON_BLOCKS = YES;
				GCC_WARN_64_TO_32_BIT_CONVERSION = YES;
				GCC_WARN_ABOUT_RETURN_TYPE = YES_ERROR;
				GCC_WARN_UNDECLARED_SELECTOR = YES;
				GCC_WARN_UNINITIALIZED_AUTOS = YES_AGGRESSIVE;
				GCC_WARN_UNUSED_FUNCTION = YES;
				GCC_WARN_UNUSED_VARIABLE = YES;
				IPHONEOS_DEPLOYMENT_TARGET = 16.2;
				MTL_ENABLE_DEBUG_INFO = NO;
				MTL_FAST_MATH = YES;
				SDKROOT = iphoneos;
				SWIFT_COMPILATION_MODE = wholemodule;
				SWIFT_OPTIMIZATION_LEVEL = "-O";
				VALIDATE_PRODUCT = YES;
			};
			name = Release;
		};
		F00FD51F29C326E8007D4DAC /* Debug */ = {
			isa = XCBuildConfiguration;
			buildSettings = {
				ASSETCATALOG_COMPILER_APPICON_NAME = AppIcon;
				ASSETCATALOG_COMPILER_GLOBAL_ACCENT_COLOR_NAME = AccentColor;
				CODE_SIGN_STYLE = Automatic;
				CURRENT_PROJECT_VERSION = 1;
				DEVELOPMENT_TEAM = M35P5LHAHW;
				GENERATE_INFOPLIST_FILE = YES;
				INFOPLIST_FILE = Bot365/Info.plist;
				INFOPLIST_KEY_UIApplicationSupportsIndirectInputEvents = YES;
				INFOPLIST_KEY_UILaunchStoryboardName = LaunchScreen;
				INFOPLIST_KEY_UIMainStoryboardFile = Main;
				INFOPLIST_KEY_UISupportedInterfaceOrientations_iPad = "UIInterfaceOrientationPortrait UIInterfaceOrientationPortraitUpsideDown UIInterfaceOrientationLandscapeLeft UIInterfaceOrientationLandscapeRight";
				INFOPLIST_KEY_UISupportedInterfaceOrientations_iPhone = "UIInterfaceOrientationPortrait UIInterfaceOrientationLandscapeLeft UIInterfaceOrientationLandscapeRight";
				LD_RUNPATH_SEARCH_PATHS = (
					"$(inherited)",
					"@executable_path/Frameworks",
				);
				MARKETING_VERSION = 1.0;
				PRODUCT_BUNDLE_IDENTIFIER = com.bot.365.Bot365;
				PRODUCT_NAME = "$(TARGET_NAME)";
				SWIFT_EMIT_LOC_STRINGS = YES;
				SWIFT_VERSION = 5.0;
				TARGETED_DEVICE_FAMILY = "1,2";
			};
			name = Debug;
		};
		F00FD52029C326E8007D4DAC /* Release */ = {
			isa = XCBuildConfiguration;
			buildSettings = {
				ASSETCATALOG_COMPILER_APPICON_NAME = AppIcon;
				ASSETCATALOG_COMPILER_GLOBAL_ACCENT_COLOR_NAME = AccentColor;
				CODE_SIGN_STYLE = Automatic;
				CURRENT_PROJECT_VERSION = 1;
				DEVELOPMENT_TEAM = M35P5LHAHW;
				GENERATE_INFOPLIST_FILE = YES;
				INFOPLIST_FILE = Bot365/Info.plist;
				INFOPLIST_KEY_UIApplicationSupportsIndirectInputEvents = YES;
				INFOPLIST_KEY_UILaunchStoryboardName = LaunchScreen;
				INFOPLIST_KEY_UIMainStoryboardFile = Main;
				INFOPLIST_KEY_UISupportedInterfaceOrientations_iPad = "UIInterfaceOrientationPortrait UIInterfaceOrientationPortraitUpsideDown UIInterfaceOrientationLandscapeLeft UIInterfaceOrientationLandscapeRight";
				INFOPLIST_KEY_UISupportedInterfaceOrientations_iPhone = "UIInterfaceOrientationPortrait UIInterfaceOrientationLandscapeLeft UIInterfaceOrientationLandscapeRight";
				LD_RUNPATH_SEARCH_PATHS = (
					"$(inherited)",
					"@executable_path/Frameworks",
				);
				MARKETING_VERSION = 1.0;
				PRODUCT_BUNDLE_IDENTIFIER = com.bot.365.Bot365;
				PRODUCT_NAME = "$(TARGET_NAME)";
				SWIFT_EMIT_LOC_STRINGS = YES;
				SWIFT_VERSION = 5.0;
				TARGETED_DEVICE_FAMILY = "1,2";
			};
			name = Release;
		};
/* End XCBuildConfiguration section */

/* Begin XCConfigurationList section */
		F00FD50229C326E6007D4DAC /* Build configuration list for PBXProject "Bot365" */ = {
			isa = XCConfigurationList;
			buildConfigurations = (
				F00FD51C29C326E8007D4DAC /* Debug */,
				F00FD51D29C326E8007D4DAC /* Release */,
			);
			defaultConfigurationIsVisible = 0;
			defaultConfigurationName = Release;
		};
		F00FD51E29C326E8007D4DAC /* Build configuration list for PBXNativeTarget "Bot365" */ = {
			isa = XCConfigurationList;
			buildConfigurations = (
				F00FD51F29C326E8007D4DAC /* Debug */,
				F00FD52029C326E8007D4DAC /* Release */,
			);
			defaultConfigurationIsVisible = 0;
			defaultConfigurationName = Release;
		};
/* End XCConfigurationList section */

/* Begin XCVersionGroup section */
		F00FD51329C326E6007D4DAC /* Bot365.xcdatamodeld */ = {
			isa = XCVersionGroup;
			children = (
				F00FD51429C326E6007D4DAC /* Bot365.xcdatamodel */,
			);
			currentVersion = F00FD51429C326E6007D4DAC /* Bot365.xcdatamodel */;
			path = Bot365.xcdatamodeld;
			sourceTree = "<group>";
			versionGroupType = wrapper.xcdatamodel;
		};
/* End XCVersionGroup section */
	};
	rootObject = F00FD4FF29C326E6007D4DAC /* Project object */;
}
